
Microsoft Visual Studio Solution File, Format Version 12.00
# Visual Studio 14
VisualStudioVersion = 14.0.25420.1
MinimumVisualStudioVersion = 10.0.40219.1
Project("{FAE04EC0-301F-11D3-BF4B-00C04F79EFBC}") = "PaintForm", "PaintForm\PaintForm.csproj", "{12F9E9B9-C0D5-48D1-91DB-7B823BA442BC}"
EndProject
Project("{FAE04EC0-301F-11D3-BF4B-00C04F79EFBC}") = "BL", "BL\BL.csproj", "{002E0073-30B5-411F-B10F-63BC20C0BAA8}"
EndProject
Global
	GlobalSection(SolutionConfigurationPlatforms) = preSolution
		Debug|Any CPU = Debug|Any CPU
		Release|Any CPU = Release|Any CPU
	EndGlobalSection
	GlobalSection(ProjectConfigurationPlatforms) = postSolution
		{12F9E9B9-C0D5-48D1-91DB-7B823BA442BC}.Debug|Any CPU.ActiveCfg = Debug|Any CPU
		{12F9E9B9-C0D5-48D1-91DB-7B823BA442BC}.Debug|Any CPU.Build.0 = Debug|Any CPU
		{12F9E9B9-C0D5-48D1-91DB-7B823BA442BC}.Release|Any CPU.ActiveCfg = Release|Any CPU
		{12F9E9B9-C0D5-48D1-91DB-7B823BA442BC}.Release|Any CPU.Build.0 = Release|Any CPU
		{002E0073-30B5-411F-B10F-63BC20C0BAA8}.Debug|Any CPU.ActiveCfg = Debug|Any CPU
		{002E0073-30B5-411F-B10F-63BC20C0BAA8}.Debug|Any CPU.Build.0 = Debug|Any CPU
		{002E0073-30B5-411F-B10F-63BC20C0BAA8}.Release|Any CPU.ActiveCfg = Release|Any CPU
		{002E0073-30B5-411F-B10F-63BC20C0BAA8}.Release|Any CPU.Build.0 = Release|Any CPU
	EndGlobalSection
	GlobalSection(SolutionProperties) = preSolution
		HideSolutionNode = FALSE
	EndGlobalSection
EndGlobal
